
Microsoft Visual Studio Solution File, Format Version 12.00
# Visual Studio 15
VisualStudioVersion = 15.0.28307.757
MinimumVisualStudioVersion = 10.0.40219.1
Project("{FAE04EC0-301F-11D3-BF4B-00C04F79EFBC}") = "ProyectoFinal1.0", "ProyectoFinal1.0\ProyectoFinal1.0.csproj", "{A2E00B31-BCFB-4512-BB7E-AFDDFD59F3AD}"
EndProject
Global
	GlobalSection(SolutionConfigurationPlatforms) = preSolution
		Debug|Any CPU = Debug|Any CPU
		Release|Any CPU = Release|Any CPU
	EndGlobalSection
	GlobalSection(ProjectConfigurationPlatforms) = postSolution
		{A2E00B31-BCFB-4512-BB7E-AFDDFD59F3AD}.Debug|Any CPU.ActiveCfg = Debug|Any CPU
		{A2E00B31-BCFB-4512-BB7E-AFDDFD59F3AD}.Debug|Any CPU.Build.0 = Debug|Any CPU
		{A2E00B31-BCFB-4512-BB7E-AFDDFD59F3AD}.Release|Any CPU.ActiveCfg = Release|Any CPU
		{A2E00B31-BCFB-4512-BB7E-AFDDFD59F3AD}.Release|Any CPU.Build.0 = Release|Any CPU
	EndGlobalSection
	GlobalSection(SolutionProperties) = preSolution
		HideSolutionNode = FALSE
	EndGlobalSection
	GlobalSection(ExtensibilityGlobals) = postSolution
		SolutionGuid = {A86C0391-6A80-4E0A-962F-63448A245178}
	EndGlobalSection
EndGlobal
